
Microsoft Visual Studio Solution File, Format Version 12.00
# Visual Studio Version 17
VisualStudioVersion = 17.10.35122.118
MinimumVisualStudioVersion = 10.0.40219.1
Project("{9A19103F-16F7-4668-BE54-9A1E7A4F7556}") = "FastBinding.Net5", "FastBinding.Net5\FastBinding.Net5.csproj", "{5D0E1556-266A-4B34-B616-3992DD3FAF53}"
EndProject
Project("{FAE04EC0-301F-11D3-BF4B-00C04F79EFBC}") = "FastBinding.Net4.5", "FastBinding.Net4.5\FastBinding.Net4.5.csproj", "{6B601FA2-EA4A-45D9-9BC1-0754BF88A9DE}"
	ProjectSection(ProjectDependencies) = postProject
		{5D0E1556-266A-4B34-B616-3992DD3FAF53} = {5D0E1556-266A-4B34-B616-3992DD3FAF53}
	EndProjectSection
EndProject
Project("{9A19103F-16F7-4668-BE54-9A1E7A4F7556}") = "FastBinding.Avalonia", "FastBinding.Avalonia\FastBinding.Avalonia.csproj", "{0F3EE924-FC66-4529-9C3A-4F5C6FFAC3C3}"
EndProject
Project("{9A19103F-16F7-4668-BE54-9A1E7A4F7556}") = "AvaloniaExample", "AvaloniaExample\AvaloniaExample.csproj", "{55AD5C27-C0F7-4F21-811C-48EED5D140F0}"
EndProject
Project("{9A19103F-16F7-4668-BE54-9A1E7A4F7556}") = "FastBinding.MAUI", "FastBinding.MAUI\FastBinding.MAUI.csproj", "{CE4FCADB-8765-4795-81E9-05504EE82639}"
EndProject
Project("{9A19103F-16F7-4668-BE54-9A1E7A4F7556}") = "MauiExample", "MauiExample\MauiExample.csproj", "{905EA192-6AC0-4620-A3D6-8B6431FB2D83}"
EndProject
Project("{9A19103F-16F7-4668-BE54-9A1E7A4F7556}") = "WpfExample", "WpfExample\WpfExample.csproj", "{A7AADFB0-BDBA-4674-A72E-B5197094D982}"
EndProject
Project("{FAE04EC0-301F-11D3-BF4B-00C04F79EFBC}") = "FastBinding.Package", "FastBinding.Package\FastBinding.Package.csproj", "{A758E438-1848-4A6D-8481-4BF749B04715}"
EndProject
Global
	GlobalSection(SolutionConfigurationPlatforms) = preSolution
		Debug|Any CPU = Debug|Any CPU
		Debug|ARM = Debug|ARM
		Debug|ARM64 = Debug|ARM64
		Debug|iPhone = Debug|iPhone
		Debug|iPhoneSimulator = Debug|iPhoneSimulator
		Debug|x64 = Debug|x64
		Debug|x86 = Debug|x86
		Release|Any CPU = Release|Any CPU
		Release|ARM = Release|ARM
		Release|ARM64 = Release|ARM64
		Release|iPhone = Release|iPhone
		Release|iPhoneSimulator = Release|iPhoneSimulator
		Release|x64 = Release|x64
		Release|x86 = Release|x86
	EndGlobalSection
	GlobalSection(ProjectConfigurationPlatforms) = postSolution
		{5D0E1556-266A-4B34-B616-3992DD3FAF53}.Debug|Any CPU.ActiveCfg = Debug|Any CPU
		{5D0E1556-266A-4B34-B616-3992DD3FAF53}.Debug|Any CPU.Build.0 = Debug|Any CPU
		{5D0E1556-266A-4B34-B616-3992DD3FAF53}.Debug|ARM.ActiveCfg = Debug|Any CPU
		{5D0E1556-266A-4B34-B616-3992DD3FAF53}.Debug|ARM.Build.0 = Debug|Any CPU
		{5D0E1556-266A-4B34-B616-3992DD3FAF53}.Debug|ARM64.ActiveCfg = Debug|Any CPU
		{5D0E1556-266A-4B34-B616-3992DD3FAF53}.Debug|ARM64.Build.0 = Debug|Any CPU
		{5D0E1556-266A-4B34-B616-3992DD3FAF53}.Debug|iPhone.ActiveCfg = Debug|Any CPU
		{5D0E1556-266A-4B34-B616-3992DD3FAF53}.Debug|iPhone.Build.0 = Debug|Any CPU
		{5D0E1556-266A-4B34-B616-3992DD3FAF53}.Debug|iPhoneSimulator.ActiveCfg = Debug|Any CPU
		{5D0E1556-266A-4B34-B616-3992DD3FAF53}.Debug|iPhoneSimulator.Build.0 = Debug|Any CPU
		{5D0E1556-266A-4B34-B616-3992DD3FAF53}.Debug|x64.ActiveCfg = Debug|Any CPU
		{5D0E1556-266A-4B34-B616-3992DD3FAF53}.Debug|x64.Build.0 = Debug|Any CPU
		{5D0E1556-266A-4B34-B616-3992DD3FAF53}.Debug|x86.ActiveCfg = Debug|Any CPU
		{5D0E1556-266A-4B34-B616-3992DD3FAF53}.Debug|x86.Build.0 = Debug|Any CPU
		{5D0E1556-266A-4B34-B616-3992DD3FAF53}.Release|Any CPU.ActiveCfg = Release|Any CPU
		{5D0E1556-266A-4B34-B616-3992DD3FAF53}.Release|Any CPU.Build.0 = Release|Any CPU
		{5D0E1556-266A-4B34-B616-3992DD3FAF53}.Release|ARM.ActiveCfg = Release|Any CPU
		{5D0E1556-266A-4B34-B616-3992DD3FAF53}.Release|ARM.Build.0 = Release|Any CPU
		{5D0E1556-266A-4B34-B616-3992DD3FAF53}.Release|ARM64.ActiveCfg = Release|Any CPU
		{5D0E1556-266A-4B34-B616-3992DD3FAF53}.Release|ARM64.Build.0 = Release|Any CPU
		{5D0E1556-266A-4B34-B616-3992DD3FAF53}.Release|iPhone.ActiveCfg = Release|Any CPU
		{5D0E1556-266A-4B34-B616-3992DD3FAF53}.Release|iPhone.Build.0 = Release|Any CPU
		{5D0E1556-266A-4B34-B616-3992DD3FAF53}.Release|iPhoneSimulator.ActiveCfg = Release|Any CPU
		{5D0E1556-266A-4B34-B616-3992DD3FAF53}.Release|iPhoneSimulator.Build.0 = Release|Any CPU
		{5D0E1556-266A-4B34-B616-3992DD3FAF53}.Release|x64.ActiveCfg = Release|Any CPU
		{5D0E1556-266A-4B34-B616-3992DD3FAF53}.Release|x64.Build.0 = Release|Any CPU
		{5D0E1556-266A-4B34-B616-3992DD3FAF53}.Release|x86.ActiveCfg = Release|Any CPU
		{5D0E1556-266A-4B34-B616-3992DD3FAF53}.Release|x86.Build.0 = Release|Any CPU
		{6B601FA2-EA4A-45D9-9BC1-0754BF88A9DE}.Debug|Any CPU.ActiveCfg = Debug|Any CPU
		{6B601FA2-EA4A-45D9-9BC1-0754BF88A9DE}.Debug|Any CPU.Build.0 = Debug|Any CPU
		{6B601FA2-EA4A-45D9-9BC1-0754BF88A9DE}.Debug|ARM.ActiveCfg = Debug|Any CPU
		{6B601FA2-EA4A-45D9-9BC1-0754BF88A9DE}.Debug|ARM.Build.0 = Debug|Any CPU
		{6B601FA2-EA4A-45D9-9BC1-0754BF88A9DE}.Debug|ARM64.ActiveCfg = Debug|Any CPU
		{6B601FA2-EA4A-45D9-9BC1-0754BF88A9DE}.Debug|ARM64.Build.0 = Debug|Any CPU
		{6B601FA2-EA4A-45D9-9BC1-0754BF88A9DE}.Debug|iPhone.ActiveCfg = Debug|Any CPU
		{6B601FA2-EA4A-45D9-9BC1-0754BF88A9DE}.Debug|iPhone.Build.0 = Debug|Any CPU
		{6B601FA2-EA4A-45D9-9BC1-0754BF88A9DE}.Debug|iPhoneSimulator.ActiveCfg = Debug|Any CPU
		{6B601FA2-EA4A-45D9-9BC1-0754BF88A9DE}.Debug|iPhoneSimulator.Build.0 = Debug|Any CPU
		{6B601FA2-EA4A-45D9-9BC1-0754BF88A9DE}.Debug|x64.ActiveCfg = Debug|Any CPU
		{6B601FA2-EA4A-45D9-9BC1-0754BF88A9DE}.Debug|x64.Build.0 = Debug|Any CPU
		{6B601FA2-EA4A-45D9-9BC1-0754BF88A9DE}.Debug|x86.ActiveCfg = Debug|Any CPU
		{6B601FA2-EA4A-45D9-9BC1-0754BF88A9DE}.Debug|x86.Build.0 = Debug|Any CPU
		{6B601FA2-EA4A-45D9-9BC1-0754BF88A9DE}.Release|Any CPU.ActiveCfg = Release|Any CPU
		{6B601FA2-EA4A-45D9-9BC1-0754BF88A9DE}.Release|Any CPU.Build.0 = Release|Any CPU
		{6B601FA2-EA4A-45D9-9BC1-0754BF88A9DE}.Release|ARM.ActiveCfg = Release|Any CPU
		{6B601FA2-EA4A-45D9-9BC1-0754BF88A9DE}.Release|ARM.Build.0 = Release|Any CPU
		{6B601FA2-EA4A-45D9-9BC1-0754BF88A9DE}.Release|ARM64.ActiveCfg = Release|Any CPU
		{6B601FA2-EA4A-45D9-9BC1-0754BF88A9DE}.Release|ARM64.Build.0 = Release|Any CPU
		{6B601FA2-EA4A-45D9-9BC1-0754BF88A9DE}.Release|iPhone.ActiveCfg = Release|Any CPU
		{6B601FA2-EA4A-45D9-9BC1-0754BF88A9DE}.Release|iPhone.Build.0 = Release|Any CPU
		{6B601FA2-EA4A-45D9-9BC1-0754BF88A9DE}.Release|iPhoneSimulator.ActiveCfg = Release|Any CPU
		{6B601FA2-EA4A-45D9-9BC1-0754BF88A9DE}.Release|iPhoneSimulator.Build.0 = Release|Any CPU
		{6B601FA2-EA4A-45D9-9BC1-0754BF88A9DE}.Release|x64.ActiveCfg = Release|Any CPU
		{6B601FA2-EA4A-45D9-9BC1-0754BF88A9DE}.Release|x64.Build.0 = Release|Any CPU
		{6B601FA2-EA4A-45D9-9BC1-0754BF88A9DE}.Release|x86.ActiveCfg = Release|Any CPU
		{6B601FA2-EA4A-45D9-9BC1-0754BF88A9DE}.Release|x86.Build.0 = Release|Any CPU
		{0F3EE924-FC66-4529-9C3A-4F5C6FFAC3C3}.Debug|Any CPU.ActiveCfg = Debug|Any CPU
		{0F3EE924-FC66-4529-9C3A-4F5C6FFAC3C3}.Debug|Any CPU.Build.0 = Debug|Any CPU
		{0F3EE924-FC66-4529-9C3A-4F5C6FFAC3C3}.Debug|ARM.ActiveCfg = Debug|Any CPU
		{0F3EE924-FC66-4529-9C3A-4F5C6FFAC3C3}.Debug|ARM.Build.0 = Debug|Any CPU
		{0F3EE924-FC66-4529-9C3A-4F5C6FFAC3C3}.Debug|ARM64.ActiveCfg = Debug|Any CPU
		{0F3EE924-FC66-4529-9C3A-4F5C6FFAC3C3}.Debug|ARM64.Build.0 = Debug|Any CPU
		{0F3EE924-FC66-4529-9C3A-4F5C6FFAC3C3}.Debug|iPhone.ActiveCfg = Debug|Any CPU
		{0F3EE924-FC66-4529-9C3A-4F5C6FFAC3C3}.Debug|iPhone.Build.0 = Debug|Any CPU
		{0F3EE924-FC66-4529-9C3A-4F5C6FFAC3C3}.Debug|iPhoneSimulator.ActiveCfg = Debug|Any CPU
		{0F3EE924-FC66-4529-9C3A-4F5C6FFAC3C3}.Debug|iPhoneSimulator.Build.0 = Debug|Any CPU
		{0F3EE924-FC66-4529-9C3A-4F5C6FFAC3C3}.Debug|x64.ActiveCfg = Debug|Any CPU
		{0F3EE924-FC66-4529-9C3A-4F5C6FFAC3C3}.Debug|x64.Build.0 = Debug|Any CPU
		{0F3EE924-FC66-4529-9C3A-4F5C6FFAC3C3}.Debug|x86.ActiveCfg = Debug|Any CPU
		{0F3EE924-FC66-4529-9C3A-4F5C6FFAC3C3}.Debug|x86.Build.0 = Debug|Any CPU
		{0F3EE924-FC66-4529-9C3A-4F5C6FFAC3C3}.Release|Any CPU.ActiveCfg = Release|Any CPU
		{0F3EE924-FC66-4529-9C3A-4F5C6FFAC3C3}.Release|Any CPU.Build.0 = Release|Any CPU
		{0F3EE924-FC66-4529-9C3A-4F5C6FFAC3C3}.Release|ARM.ActiveCfg = Release|Any CPU
		{0F3EE924-FC66-4529-9C3A-4F5C6FFAC3C3}.Release|ARM.Build.0 = Release|Any CPU
		{0F3EE924-FC66-4529-9C3A-4F5C6FFAC3C3}.Release|ARM64.ActiveCfg = Release|Any CPU
		{0F3EE924-FC66-4529-9C3A-4F5C6FFAC3C3}.Release|ARM64.Build.0 = Release|Any CPU
		{0F3EE924-FC66-4529-9C3A-4F5C6FFAC3C3}.Release|iPhone.ActiveCfg = Release|Any CPU
		{0F3EE924-FC66-4529-9C3A-4F5C6FFAC3C3}.Release|iPhone.Build.0 = Release|Any CPU
		{0F3EE924-FC66-4529-9C3A-4F5C6FFAC3C3}.Release|iPhoneSimulator.ActiveCfg = Release|Any CPU
		{0F3EE924-FC66-4529-9C3A-4F5C6FFAC3C3}.Release|iPhoneSimulator.Build.0 = Release|Any CPU
		{0F3EE924-FC66-4529-9C3A-4F5C6FFAC3C3}.Release|x64.ActiveCfg = Release|Any CPU
		{0F3EE924-FC66-4529-9C3A-4F5C6FFAC3C3}.Release|x64.Build.0 = Release|Any CPU
		{0F3EE924-FC66-4529-9C3A-4F5C6FFAC3C3}.Release|x86.ActiveCfg = Release|Any CPU
		{0F3EE924-FC66-4529-9C3A-4F5C6FFAC3C3}.Release|x86.Build.0 = Release|Any CPU
		{55AD5C27-C0F7-4F21-811C-48EED5D140F0}.Debug|Any CPU.ActiveCfg = Debug|Any CPU
		{55AD5C27-C0F7-4F21-811C-48EED5D140F0}.Debug|Any CPU.Build.0 = Debug|Any CPU
		{55AD5C27-C0F7-4F21-811C-48EED5D140F0}.Debug|ARM.ActiveCfg = Debug|Any CPU
		{55AD5C27-C0F7-4F21-811C-48EED5D140F0}.Debug|ARM.Build.0 = Debug|Any CPU
		{55AD5C27-C0F7-4F21-811C-48EED5D140F0}.Debug|ARM64.ActiveCfg = Debug|Any CPU
		{55AD5C27-C0F7-4F21-811C-48EED5D140F0}.Debug|ARM64.Build.0 = Debug|Any CPU
		{55AD5C27-C0F7-4F21-811C-48EED5D140F0}.Debug|iPhone.ActiveCfg = Debug|Any CPU
		{55AD5C27-C0F7-4F21-811C-48EED5D140F0}.Debug|iPhone.Build.0 = Debug|Any CPU
		{55AD5C27-C0F7-4F21-811C-48EED5D140F0}.Debug|iPhoneSimulator.ActiveCfg = Debug|Any CPU
		{55AD5C27-C0F7-4F21-811C-48EED5D140F0}.Debug|iPhoneSimulator.Build.0 = Debug|Any CPU
		{55AD5C27-C0F7-4F21-811C-48EED5D140F0}.Debug|x64.ActiveCfg = Debug|Any CPU
		{55AD5C27-C0F7-4F21-811C-48EED5D140F0}.Debug|x64.Build.0 = Debug|Any CPU
		{55AD5C27-C0F7-4F21-811C-48EED5D140F0}.Debug|x86.ActiveCfg = Debug|Any CPU
		{55AD5C27-C0F7-4F21-811C-48EED5D140F0}.Debug|x86.Build.0 = Debug|Any CPU
		{55AD5C27-C0F7-4F21-811C-48EED5D140F0}.Release|Any CPU.ActiveCfg = Release|Any CPU
		{55AD5C27-C0F7-4F21-811C-48EED5D140F0}.Release|Any CPU.Build.0 = Release|Any CPU
		{55AD5C27-C0F7-4F21-811C-48EED5D140F0}.Release|ARM.ActiveCfg = Release|Any CPU
		{55AD5C27-C0F7-4F21-811C-48EED5D140F0}.Release|ARM.Build.0 = Release|Any CPU
		{55AD5C27-C0F7-4F21-811C-48EED5D140F0}.Release|ARM64.ActiveCfg = Release|Any CPU
		{55AD5C27-C0F7-4F21-811C-48EED5D140F0}.Release|ARM64.Build.0 = Release|Any CPU
		{55AD5C27-C0F7-4F21-811C-48EED5D140F0}.Release|iPhone.ActiveCfg = Release|Any CPU
		{55AD5C27-C0F7-4F21-811C-48EED5D140F0}.Release|iPhone.Build.0 = Release|Any CPU
		{55AD5C27-C0F7-4F21-811C-48EED5D140F0}.Release|iPhoneSimulator.ActiveCfg = Release|Any CPU
		{55AD5C27-C0F7-4F21-811C-48EED5D140F0}.Release|iPhoneSimulator.Build.0 = Release|Any CPU
		{55AD5C27-C0F7-4F21-811C-48EED5D140F0}.Release|x64.ActiveCfg = Release|Any CPU
		{55AD5C27-C0F7-4F21-811C-48EED5D140F0}.Release|x64.Build.0 = Release|Any CPU
		{55AD5C27-C0F7-4F21-811C-48EED5D140F0}.Release|x86.ActiveCfg = Release|Any CPU
		{55AD5C27-C0F7-4F21-811C-48EED5D140F0}.Release|x86.Build.0 = Release|Any CPU
		{CE4FCADB-8765-4795-81E9-05504EE82639}.Debug|Any CPU.ActiveCfg = Debug|Any CPU
		{CE4FCADB-8765-4795-81E9-05504EE82639}.Debug|Any CPU.Build.0 = Debug|Any CPU
		{CE4FCADB-8765-4795-81E9-05504EE82639}.Debug|ARM.ActiveCfg = Debug|Any CPU
		{CE4FCADB-8765-4795-81E9-05504EE82639}.Debug|ARM.Build.0 = Debug|Any CPU
		{CE4FCADB-8765-4795-81E9-05504EE82639}.Debug|ARM64.ActiveCfg = Debug|Any CPU
		{CE4FCADB-8765-4795-81E9-05504EE82639}.Debug|ARM64.Build.0 = Debug|Any CPU
		{CE4FCADB-8765-4795-81E9-05504EE82639}.Debug|iPhone.ActiveCfg = Debug|Any CPU
		{CE4FCADB-8765-4795-81E9-05504EE82639}.Debug|iPhone.Build.0 = Debug|Any CPU
		{CE4FCADB-8765-4795-81E9-05504EE82639}.Debug|iPhoneSimulator.ActiveCfg = Debug|Any CPU
		{CE4FCADB-8765-4795-81E9-05504EE82639}.Debug|iPhoneSimulator.Build.0 = Debug|Any CPU
		{CE4FCADB-8765-4795-81E9-05504EE82639}.Debug|x64.ActiveCfg = Debug|Any CPU
		{CE4FCADB-8765-4795-81E9-05504EE82639}.Debug|x64.Build.0 = Debug|Any CPU
		{CE4FCADB-8765-4795-81E9-05504EE82639}.Debug|x86.ActiveCfg = Debug|Any CPU
		{CE4FCADB-8765-4795-81E9-05504EE82639}.Debug|x86.Build.0 = Debug|Any CPU
		{CE4FCADB-8765-4795-81E9-05504EE82639}.Release|Any CPU.ActiveCfg = Release|Any CPU
		{CE4FCADB-8765-4795-81E9-05504EE82639}.Release|Any CPU.Build.0 = Release|Any CPU
		{CE4FCADB-8765-4795-81E9-05504EE82639}.Release|ARM.ActiveCfg = Release|Any CPU
		{CE4FCADB-8765-4795-81E9-05504EE82639}.Release|ARM.Build.0 = Release|Any CPU
		{CE4FCADB-8765-4795-81E9-05504EE82639}.Release|ARM64.ActiveCfg = Release|Any CPU
		{CE4FCADB-8765-4795-81E9-05504EE82639}.Release|ARM64.Build.0 = Release|Any CPU
		{CE4FCADB-8765-4795-81E9-05504EE82639}.Release|iPhone.ActiveCfg = Release|Any CPU
		{CE4FCADB-8765-4795-81E9-05504EE82639}.Release|iPhone.Build.0 = Release|Any CPU
		{CE4FCADB-8765-4795-81E9-05504EE82639}.Release|iPhoneSimulator.ActiveCfg = Release|Any CPU
		{CE4FCADB-8765-4795-81E9-05504EE82639}.Release|iPhoneSimulator.Build.0 = Release|Any CPU
		{CE4FCADB-8765-4795-81E9-05504EE82639}.Release|x64.ActiveCfg = Release|Any CPU
		{CE4FCADB-8765-4795-81E9-05504EE82639}.Release|x64.Build.0 = Release|Any CPU
		{CE4FCADB-8765-4795-81E9-05504EE82639}.Release|x86.ActiveCfg = Release|Any CPU
		{CE4FCADB-8765-4795-81E9-05504EE82639}.Release|x86.Build.0 = Release|Any CPU
		{905EA192-6AC0-4620-A3D6-8B6431FB2D83}.Debug|Any CPU.ActiveCfg = Debug|Any CPU
		{905EA192-6AC0-4620-A3D6-8B6431FB2D83}.Debug|Any CPU.Build.0 = Debug|Any CPU
		{905EA192-6AC0-4620-A3D6-8B6431FB2D83}.Debug|Any CPU.Deploy.0 = Debug|Any CPU
		{905EA192-6AC0-4620-A3D6-8B6431FB2D83}.Debug|ARM.ActiveCfg = Debug|Any CPU
		{905EA192-6AC0-4620-A3D6-8B6431FB2D83}.Debug|ARM.Build.0 = Debug|Any CPU
		{905EA192-6AC0-4620-A3D6-8B6431FB2D83}.Debug|ARM.Deploy.0 = Debug|Any CPU
		{905EA192-6AC0-4620-A3D6-8B6431FB2D83}.Debug|ARM64.ActiveCfg = Debug|Any CPU
		{905EA192-6AC0-4620-A3D6-8B6431FB2D83}.Debug|ARM64.Build.0 = Debug|Any CPU
		{905EA192-6AC0-4620-A3D6-8B6431FB2D83}.Debug|ARM64.Deploy.0 = Debug|Any CPU
		{905EA192-6AC0-4620-A3D6-8B6431FB2D83}.Debug|iPhone.ActiveCfg = Debug|Any CPU
		{905EA192-6AC0-4620-A3D6-8B6431FB2D83}.Debug|iPhone.Build.0 = Debug|Any CPU
		{905EA192-6AC0-4620-A3D6-8B6431FB2D83}.Debug|iPhone.Deploy.0 = Debug|Any CPU
		{905EA192-6AC0-4620-A3D6-8B6431FB2D83}.Debug|iPhoneSimulator.ActiveCfg = Debug|Any CPU
		{905EA192-6AC0-4620-A3D6-8B6431FB2D83}.Debug|iPhoneSimulator.Build.0 = Debug|Any CPU
		{905EA192-6AC0-4620-A3D6-8B6431FB2D83}.Debug|iPhoneSimulator.Deploy.0 = Debug|Any CPU
		{905EA192-6AC0-4620-A3D6-8B6431FB2D83}.Debug|x64.ActiveCfg = Debug|Any CPU
		{905EA192-6AC0-4620-A3D6-8B6431FB2D83}.Debug|x64.Build.0 = Debug|Any CPU
		{905EA192-6AC0-4620-A3D6-8B6431FB2D83}.Debug|x64.Deploy.0 = Debug|Any CPU
		{905EA192-6AC0-4620-A3D6-8B6431FB2D83}.Debug|x86.ActiveCfg = Debug|Any CPU
		{905EA192-6AC0-4620-A3D6-8B6431FB2D83}.Debug|x86.Build.0 = Debug|Any CPU
		{905EA192-6AC0-4620-A3D6-8B6431FB2D83}.Debug|x86.Deploy.0 = Debug|Any CPU
		{905EA192-6AC0-4620-A3D6-8B6431FB2D83}.Release|Any CPU.ActiveCfg = Release|Any CPU
		{905EA192-6AC0-4620-A3D6-8B6431FB2D83}.Release|Any CPU.Build.0 = Release|Any CPU
		{905EA192-6AC0-4620-A3D6-8B6431FB2D83}.Release|Any CPU.Deploy.0 = Release|Any CPU
		{905EA192-6AC0-4620-A3D6-8B6431FB2D83}.Release|ARM.ActiveCfg = Release|Any CPU
		{905EA192-6AC0-4620-A3D6-8B6431FB2D83}.Release|ARM.Build.0 = Release|Any CPU
		{905EA192-6AC0-4620-A3D6-8B6431FB2D83}.Release|ARM.Deploy.0 = Release|Any CPU
		{905EA192-6AC0-4620-A3D6-8B6431FB2D83}.Release|ARM64.ActiveCfg = Release|Any CPU
		{905EA192-6AC0-4620-A3D6-8B6431FB2D83}.Release|ARM64.Build.0 = Release|Any CPU
		{905EA192-6AC0-4620-A3D6-8B6431FB2D83}.Release|ARM64.Deploy.0 = Release|Any CPU
		{905EA192-6AC0-4620-A3D6-8B6431FB2D83}.Release|iPhone.ActiveCfg = Release|Any CPU
		{905EA192-6AC0-4620-A3D6-8B6431FB2D83}.Release|iPhone.Build.0 = Release|Any CPU
		{905EA192-6AC0-4620-A3D6-8B6431FB2D83}.Release|iPhone.Deploy.0 = Release|Any CPU
		{905EA192-6AC0-4620-A3D6-8B6431FB2D83}.Release|iPhoneSimulator.ActiveCfg = Release|Any CPU
		{905EA192-6AC0-4620-A3D6-8B6431FB2D83}.Release|iPhoneSimulator.Build.0 = Release|Any CPU
		{905EA192-6AC0-4620-A3D6-8B6431FB2D83}.Release|iPhoneSimulator.Deploy.0 = Release|Any CPU
		{905EA192-6AC0-4620-A3D6-8B6431FB2D83}.Release|x64.ActiveCfg = Release|Any CPU
		{905EA192-6AC0-4620-A3D6-8B6431FB2D83}.Release|x64.Build.0 = Release|Any CPU
		{905EA192-6AC0-4620-A3D6-8B6431FB2D83}.Release|x64.Deploy.0 = Release|Any CPU
		{905EA192-6AC0-4620-A3D6-8B6431FB2D83}.Release|x86.ActiveCfg = Release|Any CPU
		{905EA192-6AC0-4620-A3D6-8B6431FB2D83}.Release|x86.Build.0 = Release|Any CPU
		{905EA192-6AC0-4620-A3D6-8B6431FB2D83}.Release|x86.Deploy.0 = Release|Any CPU
		{A7AADFB0-BDBA-4674-A72E-B5197094D982}.Debug|Any CPU.ActiveCfg = Debug|Any CPU
		{A7AADFB0-BDBA-4674-A72E-B5197094D982}.Debug|Any CPU.Build.0 = Debug|Any CPU
		{A7AADFB0-BDBA-4674-A72E-B5197094D982}.Debug|ARM.ActiveCfg = Debug|Any CPU
		{A7AADFB0-BDBA-4674-A72E-B5197094D982}.Debug|ARM.Build.0 = Debug|Any CPU
		{A7AADFB0-BDBA-4674-A72E-B5197094D982}.Debug|ARM64.ActiveCfg = Debug|Any CPU
		{A7AADFB0-BDBA-4674-A72E-B5197094D982}.Debug|ARM64.Build.0 = Debug|Any CPU
		{A7AADFB0-BDBA-4674-A72E-B5197094D982}.Debug|iPhone.ActiveCfg = Debug|Any CPU
		{A7AADFB0-BDBA-4674-A72E-B5197094D982}.Debug|iPhone.Build.0 = Debug|Any CPU
		{A7AADFB0-BDBA-4674-A72E-B5197094D982}.Debug|iPhoneSimulator.ActiveCfg = Debug|Any CPU
		{A7AADFB0-BDBA-4674-A72E-B5197094D982}.Debug|iPhoneSimulator.Build.0 = Debug|Any CPU
		{A7AADFB0-BDBA-4674-A72E-B5197094D982}.Debug|x64.ActiveCfg = Debug|Any CPU
		{A7AADFB0-BDBA-4674-A72E-B5197094D982}.Debug|x64.Build.0 = Debug|Any CPU
		{A7AADFB0-BDBA-4674-A72E-B5197094D982}.Debug|x86.ActiveCfg = Debug|Any CPU
		{A7AADFB0-BDBA-4674-A72E-B5197094D982}.Debug|x86.Build.0 = Debug|Any CPU
		{A7AADFB0-BDBA-4674-A72E-B5197094D982}.Release|Any CPU.ActiveCfg = Release|Any CPU
		{A7AADFB0-BDBA-4674-A72E-B5197094D982}.Release|Any CPU.Build.0 = Release|Any CPU
		{A7AADFB0-BDBA-4674-A72E-B5197094D982}.Release|ARM.ActiveCfg = Release|Any CPU
		{A7AADFB0-BDBA-4674-A72E-B5197094D982}.Release|ARM.Build.0 = Release|Any CPU
		{A7AADFB0-BDBA-4674-A72E-B5197094D982}.Release|ARM64.ActiveCfg = Release|Any CPU
		{A7AADFB0-BDBA-4674-A72E-B5197094D982}.Release|ARM64.Build.0 = Release|Any CPU
		{A7AADFB0-BDBA-4674-A72E-B5197094D982}.Release|iPhone.ActiveCfg = Release|Any CPU
		{A7AADFB0-BDBA-4674-A72E-B5197094D982}.Release|iPhone.Build.0 = Release|Any CPU
		{A7AADFB0-BDBA-4674-A72E-B5197094D982}.Release|iPhoneSimulator.ActiveCfg = Release|Any CPU
		{A7AADFB0-BDBA-4674-A72E-B5197094D982}.Release|iPhoneSimulator.Build.0 = Release|Any CPU
		{A7AADFB0-BDBA-4674-A72E-B5197094D982}.Release|x64.ActiveCfg = Release|Any CPU
		{A7AADFB0-BDBA-4674-A72E-B5197094D982}.Release|x64.Build.0 = Release|Any CPU
		{A7AADFB0-BDBA-4674-A72E-B5197094D982}.Release|x86.ActiveCfg = Release|Any CPU
		{A7AADFB0-BDBA-4674-A72E-B5197094D982}.Release|x86.Build.0 = Release|Any CPU
		{A758E438-1848-4A6D-8481-4BF749B04715}.Debug|Any CPU.ActiveCfg = Debug|Any CPU
		{A758E438-1848-4A6D-8481-4BF749B04715}.Debug|Any CPU.Build.0 = Debug|Any CPU
		{A758E438-1848-4A6D-8481-4BF749B04715}.Debug|ARM.ActiveCfg = Debug|Any CPU
		{A758E438-1848-4A6D-8481-4BF749B04715}.Debug|ARM.Build.0 = Debug|Any CPU
		{A758E438-1848-4A6D-8481-4BF749B04715}.Debug|ARM64.ActiveCfg = Debug|Any CPU
		{A758E438-1848-4A6D-8481-4BF749B04715}.Debug|ARM64.Build.0 = Debug|Any CPU
		{A758E438-1848-4A6D-8481-4BF749B04715}.Debug|iPhone.ActiveCfg = Debug|Any CPU
		{A758E438-1848-4A6D-8481-4BF749B04715}.Debug|iPhone.Build.0 = Debug|Any CPU
		{A758E438-1848-4A6D-8481-4BF749B04715}.Debug|iPhoneSimulator.ActiveCfg = Debug|Any CPU
		{A758E438-1848-4A6D-8481-4BF749B04715}.Debug|iPhoneSimulator.Build.0 = Debug|Any CPU
		{A758E438-1848-4A6D-8481-4BF749B04715}.Debug|x64.ActiveCfg = Debug|Any CPU
		{A758E438-1848-4A6D-8481-4BF749B04715}.Debug|x64.Build.0 = Debug|Any CPU
		{A758E438-1848-4A6D-8481-4BF749B04715}.Debug|x86.ActiveCfg = Debug|Any CPU
		{A758E438-1848-4A6D-8481-4BF749B04715}.Debug|x86.Build.0 = Debug|Any CPU
		{A758E438-1848-4A6D-8481-4BF749B04715}.Release|Any CPU.ActiveCfg = Release|Any CPU
		{A758E438-1848-4A6D-8481-4BF749B04715}.Release|Any CPU.Build.0 = Release|Any CPU
		{A758E438-1848-4A6D-8481-4BF749B04715}.Release|ARM.ActiveCfg = Release|Any CPU
		{A758E438-1848-4A6D-8481-4BF749B04715}.Release|ARM.Build.0 = Release|Any CPU
		{A758E438-1848-4A6D-8481-4BF749B04715}.Release|ARM64.ActiveCfg = Release|Any CPU
		{A758E438-1848-4A6D-8481-4BF749B04715}.Release|ARM64.Build.0 = Release|Any CPU
		{A758E438-1848-4A6D-8481-4BF749B04715}.Release|iPhone.ActiveCfg = Release|Any CPU
		{A758E438-1848-4A6D-8481-4BF749B04715}.Release|iPhone.Build.0 = Release|Any CPU
		{A758E438-1848-4A6D-8481-4BF749B04715}.Release|iPhoneSimulator.ActiveCfg = Release|Any CPU
		{A758E438-1848-4A6D-8481-4BF749B04715}.Release|iPhoneSimulator.Build.0 = Release|Any CPU
		{A758E438-1848-4A6D-8481-4BF749B04715}.Release|x64.ActiveCfg = Release|Any CPU
		{A758E438-1848-4A6D-8481-4BF749B04715}.Release|x64.Build.0 = Release|Any CPU
		{A758E438-1848-4A6D-8481-4BF749B04715}.Release|x86.ActiveCfg = Release|Any CPU
		{A758E438-1848-4A6D-8481-4BF749B04715}.Release|x86.Build.0 = Release|Any CPU
	EndGlobalSection
	GlobalSection(SolutionProperties) = preSolution
		HideSolutionNode = FALSE
	EndGlobalSection
	GlobalSection(ExtensibilityGlobals) = postSolution
		SolutionGuid = {6044C9F2-3EB8-4F3B-8C26-101282BD6835}
	EndGlobalSection
EndGlobal
